
Microsoft Visual Studio Solution File, Format Version 12.00
# Visual Studio 14
VisualStudioVersion = 14.0.24720.0
MinimumVisualStudioVersion = 10.0.40219.1
Project("{FAE04EC0-301F-11D3-BF4B-00C04F79EFBC}") = "Cloud Index Calculator ITLA", "Cloud Index Calculator ITLA\Cloud Index Calculator ITLA.csproj", "{9A9A1700-8A5B-48AA-9C4B-81AD56BF3DFC}"
EndProject
Project("{FAE04EC0-301F-11D3-BF4B-00C04F79EFBC}") = "Cloud Index Calculator ITLA.Data", "Cloud Index Calculator ITLA.Data\Cloud Index Calculator ITLA.Data.csproj", "{1DB4B9E3-74AD-48DB-A979-32E31C94DEFB}"
EndProject
Project("{FAE04EC0-301F-11D3-BF4B-00C04F79EFBC}") = "Cloud Index Calculator ITLA.Tests", "Cloud Index Calculator ITLA.Tests\Cloud Index Calculator ITLA.Tests.csproj", "{BBA30268-D9DF-49CE-B474-07B2C0F0D026}"
EndProject
Global
	GlobalSection(SolutionConfigurationPlatforms) = preSolution
		Debug|Any CPU = Debug|Any CPU
		Release|Any CPU = Release|Any CPU
	EndGlobalSection
	GlobalSection(ProjectConfigurationPlatforms) = postSolution
		{9A9A1700-8A5B-48AA-9C4B-81AD56BF3DFC}.Debug|Any CPU.ActiveCfg = Debug|Any CPU
		{9A9A1700-8A5B-48AA-9C4B-81AD56BF3DFC}.Debug|Any CPU.Build.0 = Debug|Any CPU
		{9A9A1700-8A5B-48AA-9C4B-81AD56BF3DFC}.Release|Any CPU.ActiveCfg = Release|Any CPU
		{9A9A1700-8A5B-48AA-9C4B-81AD56BF3DFC}.Release|Any CPU.Build.0 = Release|Any CPU
		{1DB4B9E3-74AD-48DB-A979-32E31C94DEFB}.Debug|Any CPU.ActiveCfg = Debug|Any CPU
		{1DB4B9E3-74AD-48DB-A979-32E31C94DEFB}.Debug|Any CPU.Build.0 = Debug|Any CPU
		{1DB4B9E3-74AD-48DB-A979-32E31C94DEFB}.Release|Any CPU.ActiveCfg = Release|Any CPU
		{1DB4B9E3-74AD-48DB-A979-32E31C94DEFB}.Release|Any CPU.Build.0 = Release|Any CPU
		{BBA30268-D9DF-49CE-B474-07B2C0F0D026}.Debug|Any CPU.ActiveCfg = Debug|Any CPU
		{BBA30268-D9DF-49CE-B474-07B2C0F0D026}.Debug|Any CPU.Build.0 = Debug|Any CPU
		{BBA30268-D9DF-49CE-B474-07B2C0F0D026}.Release|Any CPU.ActiveCfg = Release|Any CPU
		{BBA30268-D9DF-49CE-B474-07B2C0F0D026}.Release|Any CPU.Build.0 = Release|Any CPU
	EndGlobalSection
	GlobalSection(SolutionProperties) = preSolution
		HideSolutionNode = FALSE
	EndGlobalSection
EndGlobal
